
Microsoft Visual Studio Solution File, Format Version 12.00
# Visual Studio 2013
VisualStudioVersion = 12.0.40629.0
MinimumVisualStudioVersion = 10.0.40219.1
Project("{8BC9CEB8-8B4A-11D0-8D11-00A0C91BC942}") = "Factory", "Factory\Factory.vcxproj", "{92BF0185-B0E5-4967-B9DB-C55CC8BBA04D}"
EndProject
Project("{8BC9CEB8-8B4A-11D0-8D11-00A0C91BC942}") = "AbstractFactory", "..\AbstactFactory\AbstactFactory.vcxproj", "{E57816F8-891B-4A66-B575-D7C6BF7F0848}"
EndProject
Project("{8BC9CEB8-8B4A-11D0-8D11-00A0C91BC942}") = "Singleton", "..\Singleton\Singleton.vcxproj", "{6A7BC7E8-DBF0-465A-9C10-3A481EBEB487}"
EndProject
Project("{8BC9CEB8-8B4A-11D0-8D11-00A0C91BC942}") = "Builder", "..\Builder\Builder.vcxproj", "{5BE64363-D557-4543-87A9-D631BD1B7315}"
EndProject
Project("{8BC9CEB8-8B4A-11D0-8D11-00A0C91BC942}") = "Prototype", "..\Prototype\Prototype.vcxproj", "{2154C884-A7DF-4437-8633-8AD046DE2DD2}"
EndProject
Project("{8BC9CEB8-8B4A-11D0-8D11-00A0C91BC942}") = "Bridge", "..\Bridge\Bridge.vcxproj", "{9573097D-A2AF-4301-9488-CD2FE3917B68}"
EndProject
Project("{8BC9CEB8-8B4A-11D0-8D11-00A0C91BC942}") = "Adapter", "..\Adapter\Adapter.vcxproj", "{3F9DE09B-B14B-4725-96BE-C1E848A6A164}"
EndProject
Project("{8BC9CEB8-8B4A-11D0-8D11-00A0C91BC942}") = "Decorator", "..\Decorator\Decorator.vcxproj", "{AE8378BB-1D78-4B40-AF5C-BFD95917189E}"
EndProject
Project("{8BC9CEB8-8B4A-11D0-8D11-00A0C91BC942}") = "Composite", "..\Composite\Composite.vcxproj", "{A1B0A268-53F1-4F39-B363-7BC0162AD5CD}"
EndProject
Project("{8BC9CEB8-8B4A-11D0-8D11-00A0C91BC942}") = "Flyweight", "..\Flyweight\Flyweight.vcxproj", "{532F1E43-D1A9-44B0-9762-F0F12B044597}"
EndProject
Project("{8BC9CEB8-8B4A-11D0-8D11-00A0C91BC942}") = "Facade", "..\Facade\Facade.vcxproj", "{2E6BEEFA-2CA0-4367-B117-73040E33AE31}"
EndProject
Project("{8BC9CEB8-8B4A-11D0-8D11-00A0C91BC942}") = "Proxy", "..\Proxy\Proxy.vcxproj", "{6927C06D-38A8-48B9-BC34-2E3BC696A488}"
EndProject
Project("{8BC9CEB8-8B4A-11D0-8D11-00A0C91BC942}") = "Template", "..\Template\Template.vcxproj", "{D2057D72-2A77-4EE2-AA31-4CA64A2C742C}"
EndProject
Project("{8BC9CEB8-8B4A-11D0-8D11-00A0C91BC942}") = "Strategy", "..\Strategy\Strategy.vcxproj", "{798FCB3C-6166-4CF7-A300-8D9F275DCC3C}"
EndProject
Project("{8BC9CEB8-8B4A-11D0-8D11-00A0C91BC942}") = "State", "..\State\State.vcxproj", "{4B731A69-E702-4688-B37A-FCA93C81E8E5}"
EndProject
Project("{8BC9CEB8-8B4A-11D0-8D11-00A0C91BC942}") = "Observer", "..\Observer\Observer.vcxproj", "{68A55A52-97E2-4CE9-9E11-33952B455D7E}"
EndProject
Project("{8BC9CEB8-8B4A-11D0-8D11-00A0C91BC942}") = "Memento", "..\Memento\Memento.vcxproj", "{19A7D67C-6736-48B4-B737-446DDF5FCF7C}"
EndProject
Project("{8BC9CEB8-8B4A-11D0-8D11-00A0C91BC942}") = "Mediator", "..\Mediator\Mediator.vcxproj", "{5CAF62F8-8C40-4583-BB1F-6D4F58A91A1E}"
EndProject
Project("{8BC9CEB8-8B4A-11D0-8D11-00A0C91BC942}") = "Command", "..\Command\Command.vcxproj", "{E06B031E-3628-4629-9728-AC38AA6E3BC1}"
EndProject
Project("{8BC9CEB8-8B4A-11D0-8D11-00A0C91BC942}") = "Visitor", "..\Visitor\Visitor.vcxproj", "{A2D28B36-6B2C-4ACD-93E3-CDAD72431710}"
EndProject
Project("{8BC9CEB8-8B4A-11D0-8D11-00A0C91BC942}") = "ChainOfResponsibility", "..\ChainOfResponsibility\ChainOfResponsibility.vcxproj", "{F76EE817-64FA-46CA-831E-6664DAE6BAA3}"
EndProject
Project("{8BC9CEB8-8B4A-11D0-8D11-00A0C91BC942}") = "Iterator", "..\Iterator\Iterator.vcxproj", "{68E5B243-05D8-4E19-AFA7-64906FEF5BF6}"
EndProject
Project("{8BC9CEB8-8B4A-11D0-8D11-00A0C91BC942}") = "Interpreter", "..\Interpreter\Interpreter.vcxproj", "{3F548F94-44AE-44A8-B077-9FADEBA6D340}"
EndProject
Global
	GlobalSection(SolutionConfigurationPlatforms) = preSolution
		Debug|Win32 = Debug|Win32
		Release|Win32 = Release|Win32
	EndGlobalSection
	GlobalSection(ProjectConfigurationPlatforms) = postSolution
		{92BF0185-B0E5-4967-B9DB-C55CC8BBA04D}.Debug|Win32.ActiveCfg = Debug|Win32
		{92BF0185-B0E5-4967-B9DB-C55CC8BBA04D}.Debug|Win32.Build.0 = Debug|Win32
		{92BF0185-B0E5-4967-B9DB-C55CC8BBA04D}.Release|Win32.ActiveCfg = Release|Win32
		{92BF0185-B0E5-4967-B9DB-C55CC8BBA04D}.Release|Win32.Build.0 = Release|Win32
		{E57816F8-891B-4A66-B575-D7C6BF7F0848}.Debug|Win32.ActiveCfg = Debug|Win32
		{E57816F8-891B-4A66-B575-D7C6BF7F0848}.Debug|Win32.Build.0 = Debug|Win32
		{E57816F8-891B-4A66-B575-D7C6BF7F0848}.Release|Win32.ActiveCfg = Release|Win32
		{E57816F8-891B-4A66-B575-D7C6BF7F0848}.Release|Win32.Build.0 = Release|Win32
		{6A7BC7E8-DBF0-465A-9C10-3A481EBEB487}.Debug|Win32.ActiveCfg = Debug|Win32
		{6A7BC7E8-DBF0-465A-9C10-3A481EBEB487}.Debug|Win32.Build.0 = Debug|Win32
		{6A7BC7E8-DBF0-465A-9C10-3A481EBEB487}.Release|Win32.ActiveCfg = Release|Win32
		{6A7BC7E8-DBF0-465A-9C10-3A481EBEB487}.Release|Win32.Build.0 = Release|Win32
		{5BE64363-D557-4543-87A9-D631BD1B7315}.Debug|Win32.ActiveCfg = Debug|Win32
		{5BE64363-D557-4543-87A9-D631BD1B7315}.Debug|Win32.Build.0 = Debug|Win32
		{5BE64363-D557-4543-87A9-D631BD1B7315}.Release|Win32.ActiveCfg = Release|Win32
		{5BE64363-D557-4543-87A9-D631BD1B7315}.Release|Win32.Build.0 = Release|Win32
		{2154C884-A7DF-4437-8633-8AD046DE2DD2}.Debug|Win32.ActiveCfg = Debug|Win32
		{2154C884-A7DF-4437-8633-8AD046DE2DD2}.Debug|Win32.Build.0 = Debug|Win32
		{2154C884-A7DF-4437-8633-8AD046DE2DD2}.Release|Win32.ActiveCfg = Release|Win32
		{2154C884-A7DF-4437-8633-8AD046DE2DD2}.Release|Win32.Build.0 = Release|Win32
		{9573097D-A2AF-4301-9488-CD2FE3917B68}.Debug|Win32.ActiveCfg = Debug|Win32
		{9573097D-A2AF-4301-9488-CD2FE3917B68}.Debug|Win32.Build.0 = Debug|Win32
		{9573097D-A2AF-4301-9488-CD2FE3917B68}.Release|Win32.ActiveCfg = Release|Win32
		{9573097D-A2AF-4301-9488-CD2FE3917B68}.Release|Win32.Build.0 = Release|Win32
		{3F9DE09B-B14B-4725-96BE-C1E848A6A164}.Debug|Win32.ActiveCfg = Debug|Win32
		{3F9DE09B-B14B-4725-96BE-C1E848A6A164}.Debug|Win32.Build.0 = Debug|Win32
		{3F9DE09B-B14B-4725-96BE-C1E848A6A164}.Release|Win32.ActiveCfg = Release|Win32
		{3F9DE09B-B14B-4725-96BE-C1E848A6A164}.Release|Win32.Build.0 = Release|Win32
		{AE8378BB-1D78-4B40-AF5C-BFD95917189E}.Debug|Win32.ActiveCfg = Debug|Win32
		{AE8378BB-1D78-4B40-AF5C-BFD95917189E}.Debug|Win32.Build.0 = Debug|Win32
		{AE8378BB-1D78-4B40-AF5C-BFD95917189E}.Release|Win32.ActiveCfg = Release|Win32
		{AE8378BB-1D78-4B40-AF5C-BFD95917189E}.Release|Win32.Build.0 = Release|Win32
		{A1B0A268-53F1-4F39-B363-7BC0162AD5CD}.Debug|Win32.ActiveCfg = Debug|Win32
		{A1B0A268-53F1-4F39-B363-7BC0162AD5CD}.Debug|Win32.Build.0 = Debug|Win32
		{A1B0A268-53F1-4F39-B363-7BC0162AD5CD}.Release|Win32.ActiveCfg = Release|Win32
		{A1B0A268-53F1-4F39-B363-7BC0162AD5CD}.Release|Win32.Build.0 = Release|Win32
		{532F1E43-D1A9-44B0-9762-F0F12B044597}.Debug|Win32.ActiveCfg = Debug|Win32
		{532F1E43-D1A9-44B0-9762-F0F12B044597}.Debug|Win32.Build.0 = Debug|Win32
		{532F1E43-D1A9-44B0-9762-F0F12B044597}.Release|Win32.ActiveCfg = Release|Win32
		{532F1E43-D1A9-44B0-9762-F0F12B044597}.Release|Win32.Build.0 = Release|Win32
		{2E6BEEFA-2CA0-4367-B117-73040E33AE31}.Debug|Win32.ActiveCfg = Debug|Win32
		{2E6BEEFA-2CA0-4367-B117-73040E33AE31}.Debug|Win32.Build.0 = Debug|Win32
		{2E6BEEFA-2CA0-4367-B117-73040E33AE31}.Release|Win32.ActiveCfg = Release|Win32
		{2E6BEEFA-2CA0-4367-B117-73040E33AE31}.Release|Win32.Build.0 = Release|Win32
		{6927C06D-38A8-48B9-BC34-2E3BC696A488}.Debug|Win32.ActiveCfg = Debug|Win32
		{6927C06D-38A8-48B9-BC34-2E3BC696A488}.Debug|Win32.Build.0 = Debug|Win32
		{6927C06D-38A8-48B9-BC34-2E3BC696A488}.Release|Win32.ActiveCfg = Release|Win32
		{6927C06D-38A8-48B9-BC34-2E3BC696A488}.Release|Win32.Build.0 = Release|Win32
		{D2057D72-2A77-4EE2-AA31-4CA64A2C742C}.Debug|Win32.ActiveCfg = Debug|Win32
		{D2057D72-2A77-4EE2-AA31-4CA64A2C742C}.Debug|Win32.Build.0 = Debug|Win32
		{D2057D72-2A77-4EE2-AA31-4CA64A2C742C}.Release|Win32.ActiveCfg = Release|Win32
		{D2057D72-2A77-4EE2-AA31-4CA64A2C742C}.Release|Win32.Build.0 = Release|Win32
		{798FCB3C-6166-4CF7-A300-8D9F275DCC3C}.Debug|Win32.ActiveCfg = Debug|Win32
		{798FCB3C-6166-4CF7-A300-8D9F275DCC3C}.Debug|Win32.Build.0 = Debug|Win32
		{798FCB3C-6166-4CF7-A300-8D9F275DCC3C}.Release|Win32.ActiveCfg = Release|Win32
		{798FCB3C-6166-4CF7-A300-8D9F275DCC3C}.Release|Win32.Build.0 = Release|Win32
		{4B731A69-E702-4688-B37A-FCA93C81E8E5}.Debug|Win32.ActiveCfg = Debug|Win32
		{4B731A69-E702-4688-B37A-FCA93C81E8E5}.Debug|Win32.Build.0 = Debug|Win32
		{4B731A69-E702-4688-B37A-FCA93C81E8E5}.Release|Win32.ActiveCfg = Release|Win32
		{4B731A69-E702-4688-B37A-FCA93C81E8E5}.Release|Win32.Build.0 = Release|Win32
		{68A55A52-97E2-4CE9-9E11-33952B455D7E}.Debug|Win32.ActiveCfg = Debug|Win32
		{68A55A52-97E2-4CE9-9E11-33952B455D7E}.Debug|Win32.Build.0 = Debug|Win32
		{68A55A52-97E2-4CE9-9E11-33952B455D7E}.Release|Win32.ActiveCfg = Release|Win32
		{68A55A52-97E2-4CE9-9E11-33952B455D7E}.Release|Win32.Build.0 = Release|Win32
		{19A7D67C-6736-48B4-B737-446DDF5FCF7C}.Debug|Win32.ActiveCfg = Debug|Win32
		{19A7D67C-6736-48B4-B737-446DDF5FCF7C}.Debug|Win32.Build.0 = Debug|Win32
		{19A7D67C-6736-48B4-B737-446DDF5FCF7C}.Release|Win32.ActiveCfg = Release|Win32
		{19A7D67C-6736-48B4-B737-446DDF5FCF7C}.Release|Win32.Build.0 = Release|Win32
		{5CAF62F8-8C40-4583-BB1F-6D4F58A91A1E}.Debug|Win32.ActiveCfg = Debug|Win32
		{5CAF62F8-8C40-4583-BB1F-6D4F58A91A1E}.Debug|Win32.Build.0 = Debug|Win32
		{5CAF62F8-8C40-4583-BB1F-6D4F58A91A1E}.Release|Win32.ActiveCfg = Release|Win32
		{5CAF62F8-8C40-4583-BB1F-6D4F58A91A1E}.Release|Win32.Build.0 = Release|Win32
		{E06B031E-3628-4629-9728-AC38AA6E3BC1}.Debug|Win32.ActiveCfg = Debug|Win32
		{E06B031E-3628-4629-9728-AC38AA6E3BC1}.Debug|Win32.Build.0 = Debug|Win32
		{E06B031E-3628-4629-9728-AC38AA6E3BC1}.Release|Win32.ActiveCfg = Release|Win32
		{E06B031E-3628-4629-9728-AC38AA6E3BC1}.Release|Win32.Build.0 = Release|Win32
		{A2D28B36-6B2C-4ACD-93E3-CDAD72431710}.Debug|Win32.ActiveCfg = Debug|Win32
		{A2D28B36-6B2C-4ACD-93E3-CDAD72431710}.Debug|Win32.Build.0 = Debug|Win32
		{A2D28B36-6B2C-4ACD-93E3-CDAD72431710}.Release|Win32.ActiveCfg = Release|Win32
		{A2D28B36-6B2C-4ACD-93E3-CDAD72431710}.Release|Win32.Build.0 = Release|Win32
		{F76EE817-64FA-46CA-831E-6664DAE6BAA3}.Debug|Win32.ActiveCfg = Debug|Win32
		{F76EE817-64FA-46CA-831E-6664DAE6BAA3}.Debug|Win32.Build.0 = Debug|Win32
		{F76EE817-64FA-46CA-831E-6664DAE6BAA3}.Release|Win32.ActiveCfg = Release|Win32
		{F76EE817-64FA-46CA-831E-6664DAE6BAA3}.Release|Win32.Build.0 = Release|Win32
		{68E5B243-05D8-4E19-AFA7-64906FEF5BF6}.Debug|Win32.ActiveCfg = Debug|Win32
		{68E5B243-05D8-4E19-AFA7-64906FEF5BF6}.Debug|Win32.Build.0 = Debug|Win32
		{68E5B243-05D8-4E19-AFA7-64906FEF5BF6}.Release|Win32.ActiveCfg = Release|Win32
		{68E5B243-05D8-4E19-AFA7-64906FEF5BF6}.Release|Win32.Build.0 = Release|Win32
		{3F548F94-44AE-44A8-B077-9FADEBA6D340}.Debug|Win32.ActiveCfg = Debug|Win32
		{3F548F94-44AE-44A8-B077-9FADEBA6D340}.Debug|Win32.Build.0 = Debug|Win32
		{3F548F94-44AE-44A8-B077-9FADEBA6D340}.Release|Win32.ActiveCfg = Release|Win32
		{3F548F94-44AE-44A8-B077-9FADEBA6D340}.Release|Win32.Build.0 = Release|Win32
	EndGlobalSection
	GlobalSection(SolutionProperties) = preSolution
		HideSolutionNode = FALSE
	EndGlobalSection
EndGlobal
